// !$*UTF8*$!
{
	archiveVersion = 1;
	classes = {
	};
	objectVersion = 46;
	objects = {

/* Begin PBXBuildFile section */
		2A983A5B1EDB8EE300F332BD /* AppDelegate.swift in Sources */ = {isa = PBXBuildFile; fileRef = 2A983A5A1EDB8EE300F332BD /* AppDelegate.swift */; };
		2A983A5D1EDB8EE300F332BD /* ViewController.swift in Sources */ = {isa = PBXBuildFile; fileRef = 2A983A5C1EDB8EE300F332BD /* ViewController.swift */; };
		2A983A5F1EDB8EE300F332BD /* Assets.xcassets in Resources */ = {isa = PBXBuildFile; fileRef = 2A983A5E1EDB8EE300F332BD /* Assets.xcassets */; };
		2A983A621EDB8EE300F332BD /* Main.storyboard in Resources */ = {isa = PBXBuildFile; fileRef = 2A983A601EDB8EE300F332BD /* Main.storyboard */; };
		B94505021A36A25F815A2F68 /* Pods_mitotte_client.framework in Frameworks */ = {isa = PBXBuildFile; fileRef = 0528B3B666541FE1E395DAB9 /* Pods_mitotte_client.framework */; };
/* End PBXBuildFile section */

/* Begin PBXFileReference section */
		0528B3B666541FE1E395DAB9 /* Pods_mitotte_client.framework */ = {isa = PBXFileReference; explicitFileType = wrapper.framework; includeInIndex = 0; path = Pods_mitotte_client.framework; sourceTree = BUILT_PRODUCTS_DIR; };
		2A983A571EDB8EE300F332BD /* mitotte-client.app */ = {isa = PBXFileReference; explicitFileType = wrapper.application; includeInIndex = 0; path = "mitotte-client.app"; sourceTree = BUILT_PRODUCTS_DIR; };
		2A983A5A1EDB8EE300F332BD /* AppDelegate.swift */ = {isa = PBXFileReference; lastKnownFileType = sourcecode.swift; path = AppDelegate.swift; sourceTree = "<group>"; };
		2A983A5C1EDB8EE300F332BD /* ViewController.swift */ = {isa = PBXFileReference; lastKnownFileType = sourcecode.swift; path = ViewController.swift; sourceTree = "<group>"; };
		2A983A5E1EDB8EE300F332BD /* Assets.xcassets */ = {isa = PBXFileReference; lastKnownFileType = folder.assetcatalog; path = Assets.xcassets; sourceTree = "<group>"; };
		2A983A611EDB8EE300F332BD /* Base */ = {isa = PBXFileReference; lastKnownFileType = file.storyboard; name = Base; path = Base.lproj/Main.storyboard; sourceTree = "<group>"; };
		2A983A631EDB8EE300F332BD /* Info.plist */ = {isa = PBXFileReference; lastKnownFileType = text.plist.xml; path = Info.plist; sourceTree = "<group>"; };
		3A950B93B616871E9FFE73B3 /* Pods-mitotte-client.release.xcconfig */ = {isa = PBXFileReference; includeInIndex = 1; lastKnownFileType = text.xcconfig; name = "Pods-mitotte-client.release.xcconfig"; path = "Pods/Target Support Files/Pods-mitotte-client/Pods-mitotte-client.release.xcconfig"; sourceTree = "<group>"; };
		5DCE5E7941BA7DBD4F3EAECB /* Pods-mitotte-client.debug.xcconfig */ = {isa = PBXFileReference; includeInIndex = 1; lastKnownFileType = text.xcconfig; name = "Pods-mitotte-client.debug.xcconfig"; path = "Pods/Target Support Files/Pods-mitotte-client/Pods-mitotte-client.debug.xcconfig"; sourceTree = "<group>"; };
/* End PBXFileReference section */

/* Begin PBXFrameworksBuildPhase section */
		2A983A541EDB8EE300F332BD /* Frameworks */ = {
			isa = PBXFrameworksBuildPhase;
			buildActionMask = 2147483647;
			files = (
				B94505021A36A25F815A2F68 /* Pods_mitotte_client.framework in Frameworks */,
			);
			runOnlyForDeploymentPostprocessing = 0;
		};
/* End PBXFrameworksBuildPhase section */

/* Begin PBXGroup section */
		2A983A4E1EDB8EE300F332BD = {
			isa = PBXGroup;
			children = (
				2A983A591EDB8EE300F332BD /* mitotte-client */,
				2A983A581EDB8EE300F332BD /* Products */,
				7D9D349E2680DDCB83792F47 /* Pods */,
				4D8340687EE9171E4F2DC958 /* Frameworks */,
			);
			sourceTree = "<group>";
		};
		2A983A581EDB8EE300F332BD /* Products */ = {
			isa = PBXGroup;
			children = (
				2A983A571EDB8EE300F332BD /* mitotte-client.app */,
			);
			name = Products;
			sourceTree = "<group>";
		};
		2A983A591EDB8EE300F332BD /* mitotte-client */ = {
			isa = PBXGroup;
			children = (
				2A983A5A1EDB8EE300F332BD /* AppDelegate.swift */,
				2A983A5C1EDB8EE300F332BD /* ViewController.swift */,
				2A983A5E1EDB8EE300F332BD /* Assets.xcassets */,
				2A983A601EDB8EE300F332BD /* Main.storyboard */,
				2A983A631EDB8EE300F332BD /* Info.plist */,
			);
			path = "mitotte-client";
			sourceTree = "<group>";
		};
		4D8340687EE9171E4F2DC958 /* Frameworks */ = {
			isa = PBXGroup;
			children = (
				0528B3B666541FE1E395DAB9 /* Pods_mitotte_client.framework */,
			);
			name = Frameworks;
			sourceTree = "<group>";
		};
		7D9D349E2680DDCB83792F47 /* Pods */ = {
			isa = PBXGroup;
			children = (
				5DCE5E7941BA7DBD4F3EAECB /* Pods-mitotte-client.debug.xcconfig */,
				3A950B93B616871E9FFE73B3 /* Pods-mitotte-client.release.xcconfig */,
			);
			name = Pods;
			sourceTree = "<group>";
		};
/* End PBXGroup section */

/* Begin PBXNativeTarget section */
		2A983A561EDB8EE300F332BD /* mitotte-client */ = {
			isa = PBXNativeTarget;
			buildConfigurationList = 2A983A661EDB8EE300F332BD /* Build configuration list for PBXNativeTarget "mitotte-client" */;
			buildPhases = (
				9023E558D6E883F09B1A090C /* [CP] Check Pods Manifest.lock */,
				2A983A531EDB8EE300F332BD /* Sources */,
				2A983A541EDB8EE300F332BD /* Frameworks */,
				2A983A551EDB8EE300F332BD /* Resources */,
				AE81230BFDC254BBCF2718C2 /* [CP] Embed Pods Frameworks */,
				95E1296B9FB8B91ED2570420 /* [CP] Copy Pods Resources */,
			);
			buildRules = (
			);
			dependencies = (
			);
			name = "mitotte-client";
			productName = "mitotte-client";
			productReference = 2A983A571EDB8EE300F332BD /* mitotte-client.app */;
			productType = "com.apple.product-type.application";
		};
/* End PBXNativeTarget section */

/* Begin PBXProject section */
		2A983A4F1EDB8EE300F332BD /* Project object */ = {
			isa = PBXProject;
			attributes = {
				LastSwiftUpdateCheck = 0820;
				LastUpgradeCheck = 0820;
				ORGANIZATIONNAME = "上野 涼";
				TargetAttributes = {
					2A983A561EDB8EE300F332BD = {
						CreatedOnToolsVersion = 8.2.1;
						DevelopmentTeam = LDEL9JU5U2;
						ProvisioningStyle = Automatic;
					};
				};
			};
			buildConfigurationList = 2A983A521EDB8EE300F332BD /* Build configuration list for PBXProject "mitotte-client" */;
			compatibilityVersion = "Xcode 3.2";
			developmentRegion = English;
			hasScannedForEncodings = 0;
			knownRegions = (
				en,
				Base,
			);
			mainGroup = 2A983A4E1EDB8EE300F332BD;
			productRefGroup = 2A983A581EDB8EE300F332BD /* Products */;
			projectDirPath = "";
			projectRoot = "";
			targets = (
				2A983A561EDB8EE300F332BD /* mitotte-client */,
			);
		};
/* End PBXProject section */

/* Begin PBXResourcesBuildPhase section */
		2A983A551EDB8EE300F332BD /* Resources */ = {
			isa = PBXResourcesBuildPhase;
			buildActionMask = 2147483647;
			files = (
				2A983A5F1EDB8EE300F332BD /* Assets.xcassets in Resources */,
				2A983A621EDB8EE300F332BD /* Main.storyboard in Resources */,
			);
			runOnlyForDeploymentPostprocessing = 0;
		};
/* End PBXResourcesBuildPhase section */

/* Begin PBXShellScriptBuildPhase section */
		9023E558D6E883F09B1A090C /* [CP] Check Pods Manifest.lock */ = {
			isa = PBXShellScriptBuildPhase;
			buildActionMask = 2147483647;
			files = (
			);
			inputPaths = (
			);
			name = "[CP] Check Pods Manifest.lock";
			outputPaths = (
			);
			runOnlyForDeploymentPostprocessing = 0;
			shellPath = /bin/sh;
			shellScript = "diff \"${PODS_ROOT}/../Podfile.lock\" \"${PODS_ROOT}/Manifest.lock\" > /dev/null\nif [ $? != 0 ] ; then\n    # print error to STDERR\n    echo \"error: The sandbox is not in sync with the Podfile.lock. Run 'pod install' or update your CocoaPods installation.\" >&2\n    exit 1\nfi\n";
			showEnvVarsInLog = 0;
		};
		95E1296B9FB8B91ED2570420 /* [CP] Copy Pods Resources */ = {
			isa = PBXShellScriptBuildPhase;
			buildActionMask = 2147483647;
			files = (
			);
			inputPaths = (
			);
			name = "[CP] Copy Pods Resources";
			outputPaths = (
			);
			runOnlyForDeploymentPostprocessing = 0;
			shellPath = /bin/sh;
			shellScript = "\"${SRCROOT}/Pods/Target Support Files/Pods-mitotte-client/Pods-mitotte-client-resources.sh\"\n";
			showEnvVarsInLog = 0;
		};
		AE81230BFDC254BBCF2718C2 /* [CP] Embed Pods Frameworks */ = {
			isa = PBXShellScriptBuildPhase;
			buildActionMask = 2147483647;
			files = (
			);
			inputPaths = (
			);
			name = "[CP] Embed Pods Frameworks";
			outputPaths = (
			);
			runOnlyForDeploymentPostprocessing = 0;
			shellPath = /bin/sh;
			shellScript = "\"${SRCROOT}/Pods/Target Support Files/Pods-mitotte-client/Pods-mitotte-client-frameworks.sh\"\n";
			showEnvVarsInLog = 0;
		};
/* End PBXShellScriptBuildPhase section */

/* Begin PBXSourcesBuildPhase section */
		2A983A531EDB8EE300F332BD /* Sources */ = {
			isa = PBXSourcesBuildPhase;
			buildActionMask = 2147483647;
			files = (
				2A983A5D1EDB8EE300F332BD /* ViewController.swift in Sources */,
				2A983A5B1EDB8EE300F332BD /* AppDelegate.swift in Sources */,
			);
			runOnlyForDeploymentPostprocessing = 0;
		};
/* End PBXSourcesBuildPhase section */

/* Begin PBXVariantGroup section */
		2A983A601EDB8EE300F332BD /* Main.storyboard */ = {
			isa = PBXVariantGroup;
			children = (
				2A983A611EDB8EE300F332BD /* Base */,
			);
			name = Main.storyboard;
			sourceTree = "<group>";
		};
/* End PBXVariantGroup section */

/* Begin XCBuildConfiguration section */
		2A983A641EDB8EE300F332BD /* Debug */ = {
			isa = XCBuildConfiguration;
			buildSettings = {
				ALWAYS_SEARCH_USER_PATHS = NO;
				CLANG_ANALYZER_NONNULL = YES;
				CLANG_CXX_LANGUAGE_STANDARD = "gnu++0x";
				CLANG_CXX_LIBRARY = "libc++";
				CLANG_ENABLE_MODULES = YES;
				CLANG_ENABLE_OBJC_ARC = YES;
				CLANG_WARN_BOOL_CONVERSION = YES;
				CLANG_WARN_CONSTANT_CONVERSION = YES;
				CLANG_WARN_DIRECT_OBJC_ISA_USAGE = YES_ERROR;
				CLANG_WARN_DOCUMENTATION_COMMENTS = YES;
				CLANG_WARN_EMPTY_BODY = YES;
				CLANG_WARN_ENUM_CONVERSION = YES;
				CLANG_WARN_INFINITE_RECURSION = YES;
				CLANG_WARN_INT_CONVERSION = YES;
				CLANG_WARN_OBJC_ROOT_CLASS = YES_ERROR;
				CLANG_WARN_SUSPICIOUS_MOVE = YES;
				CLANG_WARN_UNREACHABLE_CODE = YES;
				CLANG_WARN__DUPLICATE_METHOD_MATCH = YES;
				CODE_SIGN_IDENTITY = "-";
				COPY_PHASE_STRIP = NO;
				DEBUG_INFORMATION_FORMAT = dwarf;
				ENABLE_STRICT_OBJC_MSGSEND = YES;
				ENABLE_TESTABILITY = YES;
				GCC_C_LANGUAGE_STANDARD = gnu99;
				GCC_DYNAMIC_NO_PIC = NO;
				GCC_NO_COMMON_BLOCKS = YES;
				GCC_OPTIMIZATION_LEVEL = 0;
				GCC_PREPROCESSOR_DEFINITIONS = (
					"DEBUG=1",
					"$(inherited)",
				);
				GCC_WARN_64_TO_32_BIT_CONVERSION = YES;
				GCC_WARN_ABOUT_RETURN_TYPE = YES_ERROR;
				GCC_WARN_UNDECLARED_SELECTOR = YES;
				GCC_WARN_UNINITIALIZED_AUTOS = YES_AGGRESSIVE;
				GCC_WARN_UNUSED_FUNCTION = YES;
				GCC_WARN_UNUSED_VARIABLE = YES;
				MACOSX_DEPLOYMENT_TARGET = 10.11;
				MTL_ENABLE_DEBUG_INFO = YES;
				ONLY_ACTIVE_ARCH = YES;
				SDKROOT = macosx;
				SWIFT_ACTIVE_COMPILATION_CONDITIONS = DEBUG;
				SWIFT_OPTIMIZATION_LEVEL = "-Onone";
			};
			name = Debug;
		};
		2A983A651EDB8EE300F332BD /* Release */ = {
			isa = XCBuildConfiguration;
			buildSettings = {
				ALWAYS_SEARCH_USER_PATHS = NO;
				CLANG_ANALYZER_NONNULL = YES;
				CLANG_CXX_LANGUAGE_STANDARD = "gnu++0x";
				CLANG_CXX_LIBRARY = "libc++";
				CLANG_ENABLE_MODULES = YES;
				CLANG_ENABLE_OBJC_ARC = YES;
				CLANG_WARN_BOOL_CONVERSION = YES;
				CLANG_WARN_CONSTANT_CONVERSION = YES;
				CLANG_WARN_DIRECT_OBJC_ISA_USAGE = YES_ERROR;
				CLANG_WARN_DOCUMENTATION_COMMENTS = YES;
				CLANG_WARN_EMPTY_BODY = YES;
				CLANG_WARN_ENUM_CONVERSION = YES;
				CLANG_WARN_INFINITE_RECURSION = YES;
				CLANG_WARN_INT_CONVERSION = YES;
				CLANG_WARN_OBJC_ROOT_CLASS = YES_ERROR;
				CLANG_WARN_SUSPICIOUS_MOVE = YES;
				CLANG_WARN_UNREACHABLE_CODE = YES;
				CLANG_WARN__DUPLICATE_METHOD_MATCH = YES;
				CODE_SIGN_IDENTITY = "-";
				COPY_PHASE_STRIP = NO;
				DEBUG_INFORMATION_FORMAT = "dwarf-with-dsym";
				ENABLE_NS_ASSERTIONS = NO;
				ENABLE_STRICT_OBJC_MSGSEND = YES;
				GCC_C_LANGUAGE_STANDARD = gnu99;
				GCC_NO_COMMON_BLOCKS = YES;
				GCC_WARN_64_TO_32_BIT_CONVERSION = YES;
				GCC_WARN_ABOUT_RETURN_TYPE = YES_ERROR;
				GCC_WARN_UNDECLARED_SELECTOR = YES;
				GCC_WARN_UNINITIALIZED_AUTOS = YES_AGGRESSIVE;
				GCC_WARN_UNUSED_FUNCTION = YES;
				GCC_WARN_UNUSED_VARIABLE = YES;
				MACOSX_DEPLOYMENT_TARGET = 10.11;
				MTL_ENABLE_DEBUG_INFO = NO;
				SDKROOT = macosx;
				SWIFT_OPTIMIZATION_LEVEL = "-Owholemodule";
			};
			name = Release;
		};
		2A983A671EDB8EE300F332BD /* Debug */ = {
			isa = XCBuildConfiguration;
			baseConfigurationReference = 5DCE5E7941BA7DBD4F3EAECB /* Pods-mitotte-client.debug.xcconfig */;
			buildSettings = {
				ASSETCATALOG_COMPILER_APPICON_NAME = AppIcon;
				COMBINE_HIDPI_IMAGES = YES;
				DEVELOPMENT_TEAM = LDEL9JU5U2;
				INFOPLIST_FILE = "mitotte-client/Info.plist";
				LD_RUNPATH_SEARCH_PATHS = "$(inherited) @executable_path/../Frameworks";
				PRODUCT_BUNDLE_IDENTIFIER = "uenoryo.mitotte-client";
				PRODUCT_NAME = "$(TARGET_NAME)";
				SWIFT_VERSION = 3.0;
			};
			name = Debug;
		};
		2A983A681EDB8EE300F332BD /* Release */ = {
			isa = XCBuildConfiguration;
			baseConfigurationReference = 3A950B93B616871E9FFE73B3 /* Pods-mitotte-client.release.xcconfig */;
			buildSettings = {
				ASSETCATALOG_COMPILER_APPICON_NAME = AppIcon;
				COMBINE_HIDPI_IMAGES = YES;
				DEVELOPMENT_TEAM = LDEL9JU5U2;
				INFOPLIST_FILE = "mitotte-client/Info.plist";
				LD_RUNPATH_SEARCH_PATHS = "$(inherited) @executable_path/../Frameworks";
				PRODUCT_BUNDLE_IDENTIFIER = "uenoryo.mitotte-client";
				PRODUCT_NAME = "$(TARGET_NAME)";
				SWIFT_VERSION = 3.0;
			};
			name = Release;
		};
/* End XCBuildConfiguration section */

/* Begin XCConfigurationList section */
		2A983A521EDB8EE300F332BD /* Build configuration list for PBXProject "mitotte-client" */ = {
			isa = XCConfigurationList;
			buildConfigurations = (
				2A983A641EDB8EE300F332BD /* Debug */,
				2A983A651EDB8EE300F332BD /* Release */,
			);
			defaultConfigurationIsVisible = 0;
			defaultConfigurationName = Release;
		};
		2A983A661EDB8EE300F332BD /* Build configuration list for PBXNativeTarget "mitotte-client" */ = {
			isa = XCConfigurationList;
			buildConfigurations = (
				2A983A671EDB8EE300F332BD /* Debug */,
				2A983A681EDB8EE300F332BD /* Release */,
			);
			defaultConfigurationIsVisible = 0;
		};
/* End XCConfigurationList section */
	};
	rootObject = 2A983A4F1EDB8EE300F332BD /* Project object */;
}
